
Microsoft Visual Studio Solution File, Format Version 12.00
# Visual Studio Version 17
VisualStudioVersion = 17.2.32616.157
MinimumVisualStudioVersion = 10.0.40219.1
Project("{9A19103F-16F7-4668-BE54-9A1E7A4F7556}") = "DataPrioritization.WebApp", "DataPrioritization.WebApp\DataPrioritization.WebApp.csproj", "{FF49CDB8-3E56-41C4-A670-C65F9C8AC274}"
EndProject
Project("{FAE04EC0-301F-11D3-BF4B-00C04F79EFBC}") = "DataPrioritization.DataAccess", "DataPrioritization.DataAccess\DataPrioritization.DataAccess.csproj", "{08108750-F9CD-4DD6-A222-B18EFEBA2EB1}"
EndProject
Project("{FAE04EC0-301F-11D3-BF4B-00C04F79EFBC}") = "DataPrioritization.Models", "DataPrioritization.Models\DataPrioritization.Models.csproj", "{49ADA117-9346-4B29-B9BB-3414126CC753}"
EndProject
Global
	GlobalSection(SolutionConfigurationPlatforms) = preSolution
		Debug|Any CPU = Debug|Any CPU
		Release|Any CPU = Release|Any CPU
	EndGlobalSection
	GlobalSection(ProjectConfigurationPlatforms) = postSolution
		{FF49CDB8-3E56-41C4-A670-C65F9C8AC274}.Debug|Any CPU.ActiveCfg = Debug|Any CPU
		{FF49CDB8-3E56-41C4-A670-C65F9C8AC274}.Debug|Any CPU.Build.0 = Debug|Any CPU
		{FF49CDB8-3E56-41C4-A670-C65F9C8AC274}.Release|Any CPU.ActiveCfg = Release|Any CPU
		{FF49CDB8-3E56-41C4-A670-C65F9C8AC274}.Release|Any CPU.Build.0 = Release|Any CPU
		{08108750-F9CD-4DD6-A222-B18EFEBA2EB1}.Debug|Any CPU.ActiveCfg = Debug|Any CPU
		{08108750-F9CD-4DD6-A222-B18EFEBA2EB1}.Debug|Any CPU.Build.0 = Debug|Any CPU
		{08108750-F9CD-4DD6-A222-B18EFEBA2EB1}.Release|Any CPU.ActiveCfg = Release|Any CPU
		{08108750-F9CD-4DD6-A222-B18EFEBA2EB1}.Release|Any CPU.Build.0 = Release|Any CPU
		{49ADA117-9346-4B29-B9BB-3414126CC753}.Debug|Any CPU.ActiveCfg = Debug|Any CPU
		{49ADA117-9346-4B29-B9BB-3414126CC753}.Debug|Any CPU.Build.0 = Debug|Any CPU
		{49ADA117-9346-4B29-B9BB-3414126CC753}.Release|Any CPU.ActiveCfg = Release|Any CPU
		{49ADA117-9346-4B29-B9BB-3414126CC753}.Release|Any CPU.Build.0 = Release|Any CPU
	EndGlobalSection
	GlobalSection(SolutionProperties) = preSolution
		HideSolutionNode = FALSE
	EndGlobalSection
	GlobalSection(ExtensibilityGlobals) = postSolution
		SolutionGuid = {A98DFE36-0055-4F52-8B04-537907DBCF46}
	EndGlobalSection
EndGlobal
